
Microsoft Visual Studio Solution File, Format Version 12.00
# Visual Studio Version 16
VisualStudioVersion = 16.0.32413.511
MinimumVisualStudioVersion = 10.0.40219.1
Project("{FAE04EC0-301F-11D3-BF4B-00C04F79EFBC}") = "ConsoleApp1", "ConsoleApp1.csproj", "{C1D6DC17-8933-4037-BDEE-7362F29D9EFB}"
EndProject
Global
	GlobalSection(SolutionConfigurationPlatforms) = preSolution
		Debug|Any CPU = Debug|Any CPU
		Release|Any CPU = Release|Any CPU
	EndGlobalSection
	GlobalSection(ProjectConfigurationPlatforms) = postSolution
		{C1D6DC17-8933-4037-BDEE-7362F29D9EFB}.Debug|Any CPU.ActiveCfg = Debug|Any CPU
		{C1D6DC17-8933-4037-BDEE-7362F29D9EFB}.Debug|Any CPU.Build.0 = Debug|Any CPU
		{C1D6DC17-8933-4037-BDEE-7362F29D9EFB}.Release|Any CPU.ActiveCfg = Release|Any CPU
		{C1D6DC17-8933-4037-BDEE-7362F29D9EFB}.Release|Any CPU.Build.0 = Release|Any CPU
	EndGlobalSection
	GlobalSection(SolutionProperties) = preSolution
		HideSolutionNode = FALSE
	EndGlobalSection
	GlobalSection(ExtensibilityGlobals) = postSolution
		SolutionGuid = {63D8143F-4CF4-48E0-88DE-A171A6D570ED}
	EndGlobalSection
EndGlobal
